
Microsoft Visual Studio Solution File, Format Version 12.00
# Visual Studio Version 17
VisualStudioVersion = 17.10.35027.167
MinimumVisualStudioVersion = 10.0.40219.1
Project("{FAE04EC0-301F-11D3-BF4B-00C04F79EFBC}") = "VoxelTK", "VoxelTK\VoxelTK.csproj", "{0B239E20-3539-4D30-8DEA-38F1C376FA9F}"
EndProject
Global
	GlobalSection(SolutionConfigurationPlatforms) = preSolution
		Debug|Any CPU = Debug|Any CPU
		Release|Any CPU = Release|Any CPU
	EndGlobalSection
	GlobalSection(ProjectConfigurationPlatforms) = postSolution
		{0B239E20-3539-4D30-8DEA-38F1C376FA9F}.Debug|Any CPU.ActiveCfg = Debug|Any CPU
		{0B239E20-3539-4D30-8DEA-38F1C376FA9F}.Debug|Any CPU.Build.0 = Debug|Any CPU
		{0B239E20-3539-4D30-8DEA-38F1C376FA9F}.Release|Any CPU.ActiveCfg = Release|Any CPU
		{0B239E20-3539-4D30-8DEA-38F1C376FA9F}.Release|Any CPU.Build.0 = Release|Any CPU
	EndGlobalSection
	GlobalSection(SolutionProperties) = preSolution
		HideSolutionNode = FALSE
	EndGlobalSection
	GlobalSection(ExtensibilityGlobals) = postSolution
		SolutionGuid = {7E3D6EEB-6824-4D59-AA1A-B2812844C35A}
	EndGlobalSection
EndGlobal
